
Microsoft Visual Studio Solution File, Format Version 12.00
# Visual Studio Version 16
VisualStudioVersion = 16.0.31005.135
MinimumVisualStudioVersion = 10.0.40219.1
Project("{FAE04EC0-301F-11D3-BF4B-00C04F79EFBC}") = "TwitchBot", "TwitchBot\TwitchBot.csproj", "{1DD9372D-5720-4C88-8107-88DF976D5F28}"
EndProject
Global
	GlobalSection(SolutionConfigurationPlatforms) = preSolution
		Debug|Any CPU = Debug|Any CPU
		Release|Any CPU = Release|Any CPU
	EndGlobalSection
	GlobalSection(ProjectConfigurationPlatforms) = postSolution
		{1DD9372D-5720-4C88-8107-88DF976D5F28}.Debug|Any CPU.ActiveCfg = Debug|Any CPU
		{1DD9372D-5720-4C88-8107-88DF976D5F28}.Debug|Any CPU.Build.0 = Debug|Any CPU
		{1DD9372D-5720-4C88-8107-88DF976D5F28}.Release|Any CPU.ActiveCfg = Release|Any CPU
		{1DD9372D-5720-4C88-8107-88DF976D5F28}.Release|Any CPU.Build.0 = Release|Any CPU
	EndGlobalSection
	GlobalSection(SolutionProperties) = preSolution
		HideSolutionNode = FALSE
	EndGlobalSection
	GlobalSection(ExtensibilityGlobals) = postSolution
		SolutionGuid = {25D806E9-F14A-4D41-9052-4F26702B678F}
	EndGlobalSection
EndGlobal
